// !$*UTF8*$!
{
	archiveVersion = 1;
	classes = {
	};
	objectVersion = 50;
	objects = {

/* Begin PBXBuildFile section */
		8F30339921ECBCA0007EB59D /* AppDelegate.swift in Sources */ = {isa = PBXBuildFile; fileRef = 8F30339821ECBCA0007EB59D /* AppDelegate.swift */; };
		8F30339B21ECBCA0007EB59D /* ViewController.swift in Sources */ = {isa = PBXBuildFile; fileRef = 8F30339A21ECBCA0007EB59D /* ViewController.swift */; };
		8F3033A021ECBCA1007EB59D /* Assets.xcassets in Resources */ = {isa = PBXBuildFile; fileRef = 8F30339F21ECBCA1007EB59D /* Assets.xcassets */; };
		8F3033A321ECBCA1007EB59D /* LaunchScreen.storyboard in Resources */ = {isa = PBXBuildFile; fileRef = 8F3033A121ECBCA1007EB59D /* LaunchScreen.storyboard */; };
		8F3033AB21ECC0F2007EB59D /* String+Ext.swift in Sources */ = {isa = PBXBuildFile; fileRef = 8F3033AA21ECC0F2007EB59D /* String+Ext.swift */; };
		8F3033AD21ECC29C007EB59D /* TextField+Ext.swift in Sources */ = {isa = PBXBuildFile; fileRef = 8F3033AC21ECC29C007EB59D /* TextField+Ext.swift */; };
/* End PBXBuildFile section */

/* Begin PBXFileReference section */
		8F30339521ECBCA0007EB59D /* Email and Password Validator.app */ = {isa = PBXFileReference; explicitFileType = wrapper.application; includeInIndex = 0; path = "Email and Password Validator.app"; sourceTree = BUILT_PRODUCTS_DIR; };
		8F30339821ECBCA0007EB59D /* AppDelegate.swift */ = {isa = PBXFileReference; lastKnownFileType = sourcecode.swift; path = AppDelegate.swift; sourceTree = "<group>"; };
		8F30339A21ECBCA0007EB59D /* ViewController.swift */ = {isa = PBXFileReference; lastKnownFileType = sourcecode.swift; path = ViewController.swift; sourceTree = "<group>"; };
		8F30339F21ECBCA1007EB59D /* Assets.xcassets */ = {isa = PBXFileReference; lastKnownFileType = folder.assetcatalog; path = Assets.xcassets; sourceTree = "<group>"; };
		8F3033A221ECBCA1007EB59D /* Base */ = {isa = PBXFileReference; lastKnownFileType = file.storyboard; name = Base; path = Base.lproj/LaunchScreen.storyboard; sourceTree = "<group>"; };
		8F3033A421ECBCA1007EB59D /* Info.plist */ = {isa = PBXFileReference; lastKnownFileType = text.plist.xml; path = Info.plist; sourceTree = "<group>"; };
		8F3033AA21ECC0F2007EB59D /* String+Ext.swift */ = {isa = PBXFileReference; lastKnownFileType = sourcecode.swift; path = "String+Ext.swift"; sourceTree = "<group>"; };
		8F3033AC21ECC29C007EB59D /* TextField+Ext.swift */ = {isa = PBXFileReference; lastKnownFileType = sourcecode.swift; path = "TextField+Ext.swift"; sourceTree = "<group>"; };
/* End PBXFileReference section */

/* Begin PBXFrameworksBuildPhase section */
		8F30339221ECBCA0007EB59D /* Frameworks */ = {
			isa = PBXFrameworksBuildPhase;
			buildActionMask = 2147483647;
			files = (
			);
			runOnlyForDeploymentPostprocessing = 0;
		};
/* End PBXFrameworksBuildPhase section */

/* Begin PBXGroup section */
		8F30338C21ECBCA0007EB59D = {
			isa = PBXGroup;
			children = (
				8F30339721ECBCA0007EB59D /* Email and Password Validator */,
				8F30339621ECBCA0007EB59D /* Products */,
			);
			sourceTree = "<group>";
		};
		8F30339621ECBCA0007EB59D /* Products */ = {
			isa = PBXGroup;
			children = (
				8F30339521ECBCA0007EB59D /* Email and Password Validator.app */,
			);
			name = Products;
			sourceTree = "<group>";
		};
		8F30339721ECBCA0007EB59D /* Email and Password Validator */ = {
			isa = PBXGroup;
			children = (
				8F30339821ECBCA0007EB59D /* AppDelegate.swift */,
				8F30339A21ECBCA0007EB59D /* ViewController.swift */,
				8F3033AE21ECC2EB007EB59D /* Extensions */,
				8F30339F21ECBCA1007EB59D /* Assets.xcassets */,
				8F3033A121ECBCA1007EB59D /* LaunchScreen.storyboard */,
				8F3033A421ECBCA1007EB59D /* Info.plist */,
			);
			path = "Email and Password Validator";
			sourceTree = "<group>";
		};
		8F3033AE21ECC2EB007EB59D /* Extensions */ = {
			isa = PBXGroup;
			children = (
				8F3033AA21ECC0F2007EB59D /* String+Ext.swift */,
				8F3033AC21ECC29C007EB59D /* TextField+Ext.swift */,
			);
			path = Extensions;
			sourceTree = "<group>";
		};
/* End PBXGroup section */

/* Begin PBXNativeTarget section */
		8F30339421ECBCA0007EB59D /* Email and Password Validator */ = {
			isa = PBXNativeTarget;
			buildConfigurationList = 8F3033A721ECBCA1007EB59D /* Build configuration list for PBXNativeTarget "Email and Password Validator" */;
			buildPhases = (
				8F30339121ECBCA0007EB59D /* Sources */,
				8F30339221ECBCA0007EB59D /* Frameworks */,
				8F30339321ECBCA0007EB59D /* Resources */,
			);
			buildRules = (
			);
			dependencies = (
			);
			name = "Email and Password Validator";
			productName = "Email and Password Validator";
			productReference = 8F30339521ECBCA0007EB59D /* Email and Password Validator.app */;
			productType = "com.apple.product-type.application";
		};
/* End PBXNativeTarget section */

/* Begin PBXProject section */
		8F30338D21ECBCA0007EB59D /* Project object */ = {
			isa = PBXProject;
			attributes = {
				LastSwiftUpdateCheck = 1010;
				LastUpgradeCheck = 1010;
				ORGANIZATIONNAME = "Leonardo Bilia";
				TargetAttributes = {
					8F30339421ECBCA0007EB59D = {
						CreatedOnToolsVersion = 10.1;
						LastSwiftMigration = 1020;
					};
				};
			};
			buildConfigurationList = 8F30339021ECBCA0007EB59D /* Build configuration list for PBXProject "Email and Password Validator" */;
			compatibilityVersion = "Xcode 9.3";
			developmentRegion = en;
			hasScannedForEncodings = 0;
			knownRegions = (
				en,
				Base,
			);
			mainGroup = 8F30338C21ECBCA0007EB59D;
			productRefGroup = 8F30339621ECBCA0007EB59D /* Products */;
			projectDirPath = "";
			projectRoot = "";
			targets = (
				8F30339421ECBCA0007EB59D /* Email and Password Validator */,
			);
		};
/* End PBXProject section */

/* Begin PBXResourcesBuildPhase section */
		8F30339321ECBCA0007EB59D /* Resources */ = {
			isa = PBXResourcesBuildPhase;
			buildActionMask = 2147483647;
			files = (
				8F3033A321ECBCA1007EB59D /* LaunchScreen.storyboard in Resources */,
				8F3033A021ECBCA1007EB59D /* Assets.xcassets in Resources */,
			);
			runOnlyForDeploymentPostprocessing = 0;
		};
/* End PBXResourcesBuildPhase section */

/* Begin PBXSourcesBuildPhase section */
		8F30339121ECBCA0007EB59D /* Sources */ = {
			isa = PBXSourcesBuildPhase;
			buildActionMask = 2147483647;
			files = (
				8F30339B21ECBCA0007EB59D /* ViewController.swift in Sources */,
				8F3033AB21ECC0F2007EB59D /* String+Ext.swift in Sources */,
				8F30339921ECBCA0007EB59D /* AppDelegate.swift in Sources */,
				8F3033AD21ECC29C007EB59D /* TextField+Ext.swift in Sources */,
			);
			runOnlyForDeploymentPostprocessing = 0;
		};
/* End PBXSourcesBuildPhase section */

/* Begin PBXVariantGroup section */
		8F3033A121ECBCA1007EB59D /* LaunchScreen.storyboard */ = {
			isa = PBXVariantGroup;
			children = (
				8F3033A221ECBCA1007EB59D /* Base */,
			);
			name = LaunchScreen.storyboard;
			sourceTree = "<group>";
		};
/* End PBXVariantGroup section */

/* Begin XCBuildConfiguration section */
		8F3033A521ECBCA1007EB59D /* Debug */ = {
			isa = XCBuildConfiguration;
			buildSettings = {
				ALWAYS_SEARCH_USER_PATHS = NO;
				CLANG_ANALYZER_NONNULL = YES;
				CLANG_ANALYZER_NUMBER_OBJECT_CONVERSION = YES_AGGRESSIVE;
				CLANG_CXX_LANGUAGE_STANDARD = "gnu++14";
				CLANG_CXX_LIBRARY = "libc++";
				CLANG_ENABLE_MODULES = YES;
				CLANG_ENABLE_OBJC_ARC = YES;
				CLANG_ENABLE_OBJC_WEAK = YES;
				CLANG_WARN_BLOCK_CAPTURE_AUTORELEASING = YES;
				CLANG_WARN_BOOL_CONVERSION = YES;
				CLANG_WARN_COMMA = YES;
				CLANG_WARN_CONSTANT_CONVERSION = YES;
				CLANG_WARN_DEPRECATED_OBJC_IMPLEMENTATIONS = YES;
				CLANG_WARN_DIRECT_OBJC_ISA_USAGE = YES_ERROR;
				CLANG_WARN_DOCUMENTATION_COMMENTS = YES;
				CLANG_WARN_EMPTY_BODY = YES;
				CLANG_WARN_ENUM_CONVERSION = YES;
				CLANG_WARN_INFINITE_RECURSION = YES;
				CLANG_WARN_INT_CONVERSION = YES;
				CLANG_WARN_NON_LITERAL_NULL_CONVERSION = YES;
				CLANG_WARN_OBJC_IMPLICIT_RETAIN_SELF = YES;
				CLANG_WARN_OBJC_LITERAL_CONVERSION = YES;
				CLANG_WARN_OBJC_ROOT_CLASS = YES_ERROR;
				CLANG_WARN_RANGE_LOOP_ANALYSIS = YES;
				CLANG_WARN_STRICT_PROTOTYPES = YES;
				CLANG_WARN_SUSPICIOUS_MOVE = YES;
				CLANG_WARN_UNGUARDED_AVAILABILITY = YES_AGGRESSIVE;
				CLANG_WARN_UNREACHABLE_CODE = YES;
				CLANG_WARN__DUPLICATE_METHOD_MATCH = YES;
				CODE_SIGN_IDENTITY = "iPhone Developer";
				COPY_PHASE_STRIP = NO;
				DEBUG_INFORMATION_FORMAT = dwarf;
				ENABLE_STRICT_OBJC_MSGSEND = YES;
				ENABLE_TESTABILITY = YES;
				GCC_C_LANGUAGE_STANDARD = gnu11;
				GCC_DYNAMIC_NO_PIC = NO;
				GCC_NO_COMMON_BLOCKS = YES;
				GCC_OPTIMIZATION_LEVEL = 0;
				GCC_PREPROCESSOR_DEFINITIONS = (
					"DEBUG=1",
					"$(inherited)",
				);
				GCC_WARN_64_TO_32_BIT_CONVERSION = YES;
				GCC_WARN_ABOUT_RETURN_TYPE = YES_ERROR;
				GCC_WARN_UNDECLARED_SELECTOR = YES;
				GCC_WARN_UNINITIALIZED_AUTOS = YES_AGGRESSIVE;
				GCC_WARN_UNUSED_FUNCTION = YES;
				GCC_WARN_UNUSED_VARIABLE = YES;
				IPHONEOS_DEPLOYMENT_TARGET = 12.1;
				MTL_ENABLE_DEBUG_INFO = INCLUDE_SOURCE;
				MTL_FAST_MATH = YES;
				ONLY_ACTIVE_ARCH = YES;
				SDKROOT = iphoneos;
				SWIFT_ACTIVE_COMPILATION_CONDITIONS = DEBUG;
				SWIFT_OPTIMIZATION_LEVEL = "-Onone";
			};
			name = Debug;
		};
		8F3033A621ECBCA1007EB59D /* Release */ = {
			isa = XCBuildConfiguration;
			buildSettings = {
				ALWAYS_SEARCH_USER_PATHS = NO;
				CLANG_ANALYZER_NONNULL = YES;
				CLANG_ANALYZER_NUMBER_OBJECT_CONVERSION = YES_AGGRESSIVE;
				CLANG_CXX_LANGUAGE_STANDARD = "gnu++14";
				CLANG_CXX_LIBRARY = "libc++";
				CLANG_ENABLE_MODULES = YES;
				CLANG_ENABLE_OBJC_ARC = YES;
				CLANG_ENABLE_OBJC_WEAK = YES;
				CLANG_WARN_BLOCK_CAPTURE_AUTORELEASING = YES;
				CLANG_WARN_BOOL_CONVERSION = YES;
				CLANG_WARN_COMMA = YES;
				CLANG_WARN_CONSTANT_CONVERSION = YES;
				CLANG_WARN_DEPRECATED_OBJC_IMPLEMENTATIONS = YES;
				CLANG_WARN_DIRECT_OBJC_ISA_USAGE = YES_ERROR;
				CLANG_WARN_DOCUMENTATION_COMMENTS = YES;
				CLANG_WARN_EMPTY_BODY = YES;
				CLANG_WARN_ENUM_CONVERSION = YES;
				CLANG_WARN_INFINITE_RECURSION = YES;
				CLANG_WARN_INT_CONVERSION = YES;
				CLANG_WARN_NON_LITERAL_NULL_CONVERSION = YES;
				CLANG_WARN_OBJC_IMPLICIT_RETAIN_SELF = YES;
				CLANG_WARN_OBJC_LITERAL_CONVERSION = YES;
				CLANG_WARN_OBJC_ROOT_CLASS = YES_ERROR;
				CLANG_WARN_RANGE_LOOP_ANALYSIS = YES;
				CLANG_WARN_STRICT_PROTOTYPES = YES;
				CLANG_WARN_SUSPICIOUS_MOVE = YES;
				CLANG_WARN_UNGUARDED_AVAILABILITY = YES_AGGRESSIVE;
				CLANG_WARN_UNREACHABLE_CODE = YES;
				CLANG_WARN__DUPLICATE_METHOD_MATCH = YES;
				CODE_SIGN_IDENTITY = "iPhone Developer";
				COPY_PHASE_STRIP = NO;
				DEBUG_INFORMATION_FORMAT = "dwarf-with-dsym";
				ENABLE_NS_ASSERTIONS = NO;
				ENABLE_STRICT_OBJC_MSGSEND = YES;
				GCC_C_LANGUAGE_STANDARD = gnu11;
				GCC_NO_COMMON_BLOCKS = YES;
				GCC_WARN_64_TO_32_BIT_CONVERSION = YES;
				GCC_WARN_ABOUT_RETURN_TYPE = YES_ERROR;
				GCC_WARN_UNDECLARED_SELECTOR = YES;
				GCC_WARN_UNINITIALIZED_AUTOS = YES_AGGRESSIVE;
				GCC_WARN_UNUSED_FUNCTION = YES;
				GCC_WARN_UNUSED_VARIABLE = YES;
				IPHONEOS_DEPLOYMENT_TARGET = 12.1;
				MTL_ENABLE_DEBUG_INFO = NO;
				MTL_FAST_MATH = YES;
				SDKROOT = iphoneos;
				SWIFT_COMPILATION_MODE = wholemodule;
				SWIFT_OPTIMIZATION_LEVEL = "-O";
				VALIDATE_PRODUCT = YES;
			};
			name = Release;
		};
		8F3033A821ECBCA1007EB59D /* Debug */ = {
			isa = XCBuildConfiguration;
			buildSettings = {
				ASSETCATALOG_COMPILER_APPICON_NAME = AppIcon;
				CODE_SIGN_STYLE = Automatic;
				DEVELOPMENT_TEAM = C8CWPZXDG8;
				INFOPLIST_FILE = "Email and Password Validator/Info.plist";
				LD_RUNPATH_SEARCH_PATHS = (
					"$(inherited)",
					"@executable_path/Frameworks",
				);
				PRODUCT_BUNDLE_IDENTIFIER = "co.touchblue.Email-and-Password-Validator";
				PRODUCT_NAME = "$(TARGET_NAME)";
				SWIFT_VERSION = 5.0;
				TARGETED_DEVICE_FAMILY = "1,2";
			};
			name = Debug;
		};
		8F3033A921ECBCA1007EB59D /* Release */ = {
			isa = XCBuildConfiguration;
			buildSettings = {
				ASSETCATALOG_COMPILER_APPICON_NAME = AppIcon;
				CODE_SIGN_STYLE = Automatic;
				DEVELOPMENT_TEAM = C8CWPZXDG8;
				INFOPLIST_FILE = "Email and Password Validator/Info.plist";
				LD_RUNPATH_SEARCH_PATHS = (
					"$(inherited)",
					"@executable_path/Frameworks",
				);
				PRODUCT_BUNDLE_IDENTIFIER = "co.touchblue.Email-and-Password-Validator";
				PRODUCT_NAME = "$(TARGET_NAME)";
				SWIFT_VERSION = 5.0;
				TARGETED_DEVICE_FAMILY = "1,2";
			};
			name = Release;
		};
/* End XCBuildConfiguration section */

/* Begin XCConfigurationList section */
		8F30339021ECBCA0007EB59D /* Build configuration list for PBXProject "Email and Password Validator" */ = {
			isa = XCConfigurationList;
			buildConfigurations = (
				8F3033A521ECBCA1007EB59D /* Debug */,
				8F3033A621ECBCA1007EB59D /* Release */,
			);
			defaultConfigurationIsVisible = 0;
			defaultConfigurationName = Release;
		};
		8F3033A721ECBCA1007EB59D /* Build configuration list for PBXNativeTarget "Email and Password Validator" */ = {
			isa = XCConfigurationList;
			buildConfigurations = (
				8F3033A821ECBCA1007EB59D /* Debug */,
				8F3033A921ECBCA1007EB59D /* Release */,
			);
			defaultConfigurationIsVisible = 0;
			defaultConfigurationName = Release;
		};
/* End XCConfigurationList section */
	};
	rootObject = 8F30338D21ECBCA0007EB59D /* Project object */;
}
